// !$*UTF8*$!
{
	archiveVersion = 1;
	classes = {
	};
	objectVersion = 51;
	objects = {

/* Begin PBXBuildFile section */
		217D1EAB25C91B5A00CB4EF3 /* AppDelegate.m in Sources */ = {isa = PBXBuildFile; fileRef = 217D1EAA25C91B5A00CB4EF3 /* AppDelegate.m */; };
		217D1EB125C91B5A00CB4EF3 /* ViewController.m in Sources */ = {isa = PBXBuildFile; fileRef = 217D1EB025C91B5A00CB4EF3 /* ViewController.m */; };
		217D1EB425C91B5A00CB4EF3 /* Main.storyboard in Resources */ = {isa = PBXBuildFile; fileRef = 217D1EB225C91B5A00CB4EF3 /* Main.storyboard */; };
		217D1EB625C91B5B00CB4EF3 /* Assets.xcassets in Resources */ = {isa = PBXBuildFile; fileRef = 217D1EB525C91B5B00CB4EF3 /* Assets.xcassets */; };
		217D1EB925C91B5B00CB4EF3 /* LaunchScreen.storyboard in Resources */ = {isa = PBXBuildFile; fileRef = 217D1EB725C91B5B00CB4EF3 /* LaunchScreen.storyboard */; };
		217D1EBC25C91B5B00CB4EF3 /* main.m in Sources */ = {isa = PBXBuildFile; fileRef = 217D1EBB25C91B5B00CB4EF3 /* main.m */; };
		217D1EC625C91B5B00CB4EF3 /* SparkXAdDemoTests.m in Sources */ = {isa = PBXBuildFile; fileRef = 217D1EC525C91B5B00CB4EF3 /* SparkXAdDemoTests.m */; };
		217D1ED125C91B5B00CB4EF3 /* SparkXAdDemoUITests.m in Sources */ = {isa = PBXBuildFile; fileRef = 217D1ED025C91B5B00CB4EF3 /* SparkXAdDemoUITests.m */; };
		217D1EFB25C9259A00CB4EF3 /* AdListViewController.m in Sources */ = {isa = PBXBuildFile; fileRef = 217D1EFA25C9259A00CB4EF3 /* AdListViewController.m */; };
		217D1F0625C928EA00CB4EF3 /* BannerAdViewController.m in Sources */ = {isa = PBXBuildFile; fileRef = 217D1F0525C928EA00CB4EF3 /* BannerAdViewController.m */; };
		217D1F0F25C9433F00CB4EF3 /* SplashAdViewController.m in Sources */ = {isa = PBXBuildFile; fileRef = 217D1F0E25C9433F00CB4EF3 /* SplashAdViewController.m */; };
		217D21AA25CBC9FC00CB4EF3 /* InterstitialAdViewController.m in Sources */ = {isa = PBXBuildFile; fileRef = 217D21A925CBC9FC00CB4EF3 /* InterstitialAdViewController.m */; };
		217D220925CBFFB700CB4EF3 /* NativeAdViewController.m in Sources */ = {isa = PBXBuildFile; fileRef = 217D220825CBFFB700CB4EF3 /* NativeAdViewController.m */; };
		3D12131FA05361F088C72377 /* libPods-SparkXAdDemo-SparkXAdDemoUITests.a in Frameworks */ = {isa = PBXBuildFile; fileRef = 1F857110C0AE68B7D8ACC85E /* libPods-SparkXAdDemo-SparkXAdDemoUITests.a */; };
		C01BF4E7DDC6653013A3B7C6 /* libPods-SparkXAdDemo.a in Frameworks */ = {isa = PBXBuildFile; fileRef = 73AA6E2CAA770292B07E27E4 /* libPods-SparkXAdDemo.a */; };
		D9D08152E9FBE21C7BB1CA2C /* libPods-SparkXAdDemoTests.a in Frameworks */ = {isa = PBXBuildFile; fileRef = B943F21CF4112DB99A024784 /* libPods-SparkXAdDemoTests.a */; };
/* End PBXBuildFile section */

/* Begin PBXContainerItemProxy section */
		217D1EC225C91B5B00CB4EF3 /* PBXContainerItemProxy */ = {
			isa = PBXContainerItemProxy;
			containerPortal = 217D1E9E25C91B5A00CB4EF3 /* Project object */;
			proxyType = 1;
			remoteGlobalIDString = 217D1EA525C91B5A00CB4EF3;
			remoteInfo = SparkXAdDemo;
		};
		217D1ECD25C91B5B00CB4EF3 /* PBXContainerItemProxy */ = {
			isa = PBXContainerItemProxy;
			containerPortal = 217D1E9E25C91B5A00CB4EF3 /* Project object */;
			proxyType = 1;
			remoteGlobalIDString = 217D1EA525C91B5A00CB4EF3;
			remoteInfo = SparkXAdDemo;
		};
/* End PBXContainerItemProxy section */

/* Begin PBXFileReference section */
		0A53F184EBE13C15A40D4815 /* Pods-SparkXAdDemo.debug.xcconfig */ = {isa = PBXFileReference; includeInIndex = 1; lastKnownFileType = text.xcconfig; name = "Pods-SparkXAdDemo.debug.xcconfig"; path = "Target Support Files/Pods-SparkXAdDemo/Pods-SparkXAdDemo.debug.xcconfig"; sourceTree = "<group>"; };
		0B9884A0CB1F45A9B585DA27 /* Pods-SparkXAdDemo.release.xcconfig */ = {isa = PBXFileReference; includeInIndex = 1; lastKnownFileType = text.xcconfig; name = "Pods-SparkXAdDemo.release.xcconfig"; path = "Target Support Files/Pods-SparkXAdDemo/Pods-SparkXAdDemo.release.xcconfig"; sourceTree = "<group>"; };
		1643CB46A8BFB3FB720A83E7 /* Pods-SparkXAdDemoTests.debug.xcconfig */ = {isa = PBXFileReference; includeInIndex = 1; lastKnownFileType = text.xcconfig; name = "Pods-SparkXAdDemoTests.debug.xcconfig"; path = "Target Support Files/Pods-SparkXAdDemoTests/Pods-SparkXAdDemoTests.debug.xcconfig"; sourceTree = "<group>"; };
		1F857110C0AE68B7D8ACC85E /* libPods-SparkXAdDemo-SparkXAdDemoUITests.a */ = {isa = PBXFileReference; explicitFileType = archive.ar; includeInIndex = 0; path = "libPods-SparkXAdDemo-SparkXAdDemoUITests.a"; sourceTree = BUILT_PRODUCTS_DIR; };
		217D1EA625C91B5A00CB4EF3 /* SparkXAdDemo.app */ = {isa = PBXFileReference; explicitFileType = wrapper.application; includeInIndex = 0; path = SparkXAdDemo.app; sourceTree = BUILT_PRODUCTS_DIR; };
		217D1EA925C91B5A00CB4EF3 /* AppDelegate.h */ = {isa = PBXFileReference; lastKnownFileType = sourcecode.c.h; path = AppDelegate.h; sourceTree = "<group>"; };
		217D1EAA25C91B5A00CB4EF3 /* AppDelegate.m */ = {isa = PBXFileReference; lastKnownFileType = sourcecode.c.objc; path = AppDelegate.m; sourceTree = "<group>"; };
		217D1EAF25C91B5A00CB4EF3 /* ViewController.h */ = {isa = PBXFileReference; lastKnownFileType = sourcecode.c.h; path = ViewController.h; sourceTree = "<group>"; };
		217D1EB025C91B5A00CB4EF3 /* ViewController.m */ = {isa = PBXFileReference; lastKnownFileType = sourcecode.c.objc; path = ViewController.m; sourceTree = "<group>"; };
		217D1EB325C91B5A00CB4EF3 /* Base */ = {isa = PBXFileReference; lastKnownFileType = file.storyboard; name = Base; path = Base.lproj/Main.storyboard; sourceTree = "<group>"; };
		217D1EB525C91B5B00CB4EF3 /* Assets.xcassets */ = {isa = PBXFileReference; lastKnownFileType = folder.assetcatalog; path = Assets.xcassets; sourceTree = "<group>"; };
		217D1EB825C91B5B00CB4EF3 /* Base */ = {isa = PBXFileReference; lastKnownFileType = file.storyboard; name = Base; path = Base.lproj/LaunchScreen.storyboard; sourceTree = "<group>"; };
		217D1EBA25C91B5B00CB4EF3 /* Info.plist */ = {isa = PBXFileReference; lastKnownFileType = text.plist.xml; path = Info.plist; sourceTree = "<group>"; };
		217D1EBB25C91B5B00CB4EF3 /* main.m */ = {isa = PBXFileReference; lastKnownFileType = sourcecode.c.objc; path = main.m; sourceTree = "<group>"; };
		217D1EC125C91B5B00CB4EF3 /* SparkXAdDemoTests.xctest */ = {isa = PBXFileReference; explicitFileType = wrapper.cfbundle; includeInIndex = 0; path = SparkXAdDemoTests.xctest; sourceTree = BUILT_PRODUCTS_DIR; };
		217D1EC525C91B5B00CB4EF3 /* SparkXAdDemoTests.m */ = {isa = PBXFileReference; lastKnownFileType = sourcecode.c.objc; path = SparkXAdDemoTests.m; sourceTree = "<group>"; };
		217D1EC725C91B5B00CB4EF3 /* Info.plist */ = {isa = PBXFileReference; lastKnownFileType = text.plist.xml; path = Info.plist; sourceTree = "<group>"; };
		217D1ECC25C91B5B00CB4EF3 /* SparkXAdDemoUITests.xctest */ = {isa = PBXFileReference; explicitFileType = wrapper.cfbundle; includeInIndex = 0; path = SparkXAdDemoUITests.xctest; sourceTree = BUILT_PRODUCTS_DIR; };
		217D1ED025C91B5B00CB4EF3 /* SparkXAdDemoUITests.m */ = {isa = PBXFileReference; lastKnownFileType = sourcecode.c.objc; path = SparkXAdDemoUITests.m; sourceTree = "<group>"; };
		217D1ED225C91B5B00CB4EF3 /* Info.plist */ = {isa = PBXFileReference; lastKnownFileType = text.plist.xml; path = Info.plist; sourceTree = "<group>"; };
		217D1EF925C9259A00CB4EF3 /* AdListViewController.h */ = {isa = PBXFileReference; lastKnownFileType = sourcecode.c.h; path = AdListViewController.h; sourceTree = "<group>"; };
		217D1EFA25C9259A00CB4EF3 /* AdListViewController.m */ = {isa = PBXFileReference; lastKnownFileType = sourcecode.c.objc; path = AdListViewController.m; sourceTree = "<group>"; };
		217D1F0425C928EA00CB4EF3 /* BannerAdViewController.h */ = {isa = PBXFileReference; lastKnownFileType = sourcecode.c.h; path = BannerAdViewController.h; sourceTree = "<group>"; };
		217D1F0525C928EA00CB4EF3 /* BannerAdViewController.m */ = {isa = PBXFileReference; lastKnownFileType = sourcecode.c.objc; path = BannerAdViewController.m; sourceTree = "<group>"; };
		217D1F0D25C9433F00CB4EF3 /* SplashAdViewController.h */ = {isa = PBXFileReference; lastKnownFileType = sourcecode.c.h; path = SplashAdViewController.h; sourceTree = "<group>"; };
		217D1F0E25C9433F00CB4EF3 /* SplashAdViewController.m */ = {isa = PBXFileReference; lastKnownFileType = sourcecode.c.objc; path = SplashAdViewController.m; sourceTree = "<group>"; };
		217D21A825CBC9FC00CB4EF3 /* InterstitialAdViewController.h */ = {isa = PBXFileReference; lastKnownFileType = sourcecode.c.h; path = InterstitialAdViewController.h; sourceTree = "<group>"; };
		217D21A925CBC9FC00CB4EF3 /* InterstitialAdViewController.m */ = {isa = PBXFileReference; lastKnownFileType = sourcecode.c.objc; path = InterstitialAdViewController.m; sourceTree = "<group>"; };
		217D220725CBFFB700CB4EF3 /* NativeAdViewController.h */ = {isa = PBXFileReference; lastKnownFileType = sourcecode.c.h; path = NativeAdViewController.h; sourceTree = "<group>"; };
		217D220825CBFFB700CB4EF3 /* NativeAdViewController.m */ = {isa = PBXFileReference; lastKnownFileType = sourcecode.c.objc; path = NativeAdViewController.m; sourceTree = "<group>"; };
		30113D98F23D19FD823B1AB2 /* Pods-SparkXAdDemo-SparkXAdDemoUITests.debug.xcconfig */ = {isa = PBXFileReference; includeInIndex = 1; lastKnownFileType = text.xcconfig; name = "Pods-SparkXAdDemo-SparkXAdDemoUITests.debug.xcconfig"; path = "Target Support Files/Pods-SparkXAdDemo-SparkXAdDemoUITests/Pods-SparkXAdDemo-SparkXAdDemoUITests.debug.xcconfig"; sourceTree = "<group>"; };
		73AA6E2CAA770292B07E27E4 /* libPods-SparkXAdDemo.a */ = {isa = PBXFileReference; explicitFileType = archive.ar; includeInIndex = 0; path = "libPods-SparkXAdDemo.a"; sourceTree = BUILT_PRODUCTS_DIR; };
		8D9435EFB4106DF9E393FBD9 /* Pods-SparkXAdDemoTests.release.xcconfig */ = {isa = PBXFileReference; includeInIndex = 1; lastKnownFileType = text.xcconfig; name = "Pods-SparkXAdDemoTests.release.xcconfig"; path = "Target Support Files/Pods-SparkXAdDemoTests/Pods-SparkXAdDemoTests.release.xcconfig"; sourceTree = "<group>"; };
		B943F21CF4112DB99A024784 /* libPods-SparkXAdDemoTests.a */ = {isa = PBXFileReference; explicitFileType = archive.ar; includeInIndex = 0; path = "libPods-SparkXAdDemoTests.a"; sourceTree = BUILT_PRODUCTS_DIR; };
		FACDB35799F2FD9ACB1ABECD /* Pods-SparkXAdDemo-SparkXAdDemoUITests.release.xcconfig */ = {isa = PBXFileReference; includeInIndex = 1; lastKnownFileType = text.xcconfig; name = "Pods-SparkXAdDemo-SparkXAdDemoUITests.release.xcconfig"; path = "Target Support Files/Pods-SparkXAdDemo-SparkXAdDemoUITests/Pods-SparkXAdDemo-SparkXAdDemoUITests.release.xcconfig"; sourceTree = "<group>"; };
/* End PBXFileReference section */

/* Begin PBXFrameworksBuildPhase section */
		217D1EA325C91B5A00CB4EF3 /* Frameworks */ = {
			isa = PBXFrameworksBuildPhase;
			buildActionMask = 2147483647;
			files = (
				C01BF4E7DDC6653013A3B7C6 /* libPods-SparkXAdDemo.a in Frameworks */,
			);
			runOnlyForDeploymentPostprocessing = 0;
		};
		217D1EBE25C91B5B00CB4EF3 /* Frameworks */ = {
			isa = PBXFrameworksBuildPhase;
			buildActionMask = 2147483647;
			files = (
				D9D08152E9FBE21C7BB1CA2C /* libPods-SparkXAdDemoTests.a in Frameworks */,
			);
			runOnlyForDeploymentPostprocessing = 0;
		};
		217D1EC925C91B5B00CB4EF3 /* Frameworks */ = {
			isa = PBXFrameworksBuildPhase;
			buildActionMask = 2147483647;
			files = (
				3D12131FA05361F088C72377 /* libPods-SparkXAdDemo-SparkXAdDemoUITests.a in Frameworks */,
			);
			runOnlyForDeploymentPostprocessing = 0;
		};
/* End PBXFrameworksBuildPhase section */

/* Begin PBXGroup section */
		217D1E9D25C91B5A00CB4EF3 = {
			isa = PBXGroup;
			children = (
				217D1EA825C91B5A00CB4EF3 /* SparkXAdDemo */,
				217D1EC425C91B5B00CB4EF3 /* SparkXAdDemoTests */,
				217D1ECF25C91B5B00CB4EF3 /* SparkXAdDemoUITests */,
				217D1EA725C91B5A00CB4EF3 /* Products */,
				797D938F071495B8007DC422 /* Pods */,
				68DAC9C58620261437CF0EDA /* Frameworks */,
			);
			sourceTree = "<group>";
		};
		217D1EA725C91B5A00CB4EF3 /* Products */ = {
			isa = PBXGroup;
			children = (
				217D1EA625C91B5A00CB4EF3 /* SparkXAdDemo.app */,
				217D1EC125C91B5B00CB4EF3 /* SparkXAdDemoTests.xctest */,
				217D1ECC25C91B5B00CB4EF3 /* SparkXAdDemoUITests.xctest */,
			);
			name = Products;
			sourceTree = "<group>";
		};
		217D1EA825C91B5A00CB4EF3 /* SparkXAdDemo */ = {
			isa = PBXGroup;
			children = (
				217D1F0325C9285B00CB4EF3 /* Interstitial */,
				217D1F0125C9283500CB4EF3 /* Native */,
				217D1F0025C9282900CB4EF3 /* Splash */,
				217D1EFF25C9281300CB4EF3 /* Banner */,
				217D1EA925C91B5A00CB4EF3 /* AppDelegate.h */,
				217D1EAA25C91B5A00CB4EF3 /* AppDelegate.m */,
				217D1EAF25C91B5A00CB4EF3 /* ViewController.h */,
				217D1EB025C91B5A00CB4EF3 /* ViewController.m */,
				217D1EB225C91B5A00CB4EF3 /* Main.storyboard */,
				217D1EB525C91B5B00CB4EF3 /* Assets.xcassets */,
				217D1EB725C91B5B00CB4EF3 /* LaunchScreen.storyboard */,
				217D1EBA25C91B5B00CB4EF3 /* Info.plist */,
				217D1EBB25C91B5B00CB4EF3 /* main.m */,
				217D1EF925C9259A00CB4EF3 /* AdListViewController.h */,
				217D1EFA25C9259A00CB4EF3 /* AdListViewController.m */,
			);
			path = SparkXAdDemo;
			sourceTree = "<group>";
		};
		217D1EC425C91B5B00CB4EF3 /* SparkXAdDemoTests */ = {
			isa = PBXGroup;
			children = (
				217D1EC525C91B5B00CB4EF3 /* SparkXAdDemoTests.m */,
				217D1EC725C91B5B00CB4EF3 /* Info.plist */,
			);
			path = SparkXAdDemoTests;
			sourceTree = "<group>";
		};
		217D1ECF25C91B5B00CB4EF3 /* SparkXAdDemoUITests */ = {
			isa = PBXGroup;
			children = (
				217D1ED025C91B5B00CB4EF3 /* SparkXAdDemoUITests.m */,
				217D1ED225C91B5B00CB4EF3 /* Info.plist */,
			);
			path = SparkXAdDemoUITests;
			sourceTree = "<group>";
		};
		217D1EFF25C9281300CB4EF3 /* Banner */ = {
			isa = PBXGroup;
			children = (
				217D1F0425C928EA00CB4EF3 /* BannerAdViewController.h */,
				217D1F0525C928EA00CB4EF3 /* BannerAdViewController.m */,
			);
			path = Banner;
			sourceTree = "<group>";
		};
		217D1F0025C9282900CB4EF3 /* Splash */ = {
			isa = PBXGroup;
			children = (
				217D1F0D25C9433F00CB4EF3 /* SplashAdViewController.h */,
				217D1F0E25C9433F00CB4EF3 /* SplashAdViewController.m */,
			);
			path = Splash;
			sourceTree = "<group>";
		};
		217D1F0125C9283500CB4EF3 /* Native */ = {
			isa = PBXGroup;
			children = (
				217D220725CBFFB700CB4EF3 /* NativeAdViewController.h */,
				217D220825CBFFB700CB4EF3 /* NativeAdViewController.m */,
			);
			path = Native;
			sourceTree = "<group>";
		};
		217D1F0325C9285B00CB4EF3 /* Interstitial */ = {
			isa = PBXGroup;
			children = (
				217D21A825CBC9FC00CB4EF3 /* InterstitialAdViewController.h */,
				217D21A925CBC9FC00CB4EF3 /* InterstitialAdViewController.m */,
			);
			path = Interstitial;
			sourceTree = "<group>";
		};
		68DAC9C58620261437CF0EDA /* Frameworks */ = {
			isa = PBXGroup;
			children = (
				73AA6E2CAA770292B07E27E4 /* libPods-SparkXAdDemo.a */,
				1F857110C0AE68B7D8ACC85E /* libPods-SparkXAdDemo-SparkXAdDemoUITests.a */,
				B943F21CF4112DB99A024784 /* libPods-SparkXAdDemoTests.a */,
			);
			name = Frameworks;
			sourceTree = "<group>";
		};
		797D938F071495B8007DC422 /* Pods */ = {
			isa = PBXGroup;
			children = (
				0A53F184EBE13C15A40D4815 /* Pods-SparkXAdDemo.debug.xcconfig */,
				0B9884A0CB1F45A9B585DA27 /* Pods-SparkXAdDemo.release.xcconfig */,
				30113D98F23D19FD823B1AB2 /* Pods-SparkXAdDemo-SparkXAdDemoUITests.debug.xcconfig */,
				FACDB35799F2FD9ACB1ABECD /* Pods-SparkXAdDemo-SparkXAdDemoUITests.release.xcconfig */,
				1643CB46A8BFB3FB720A83E7 /* Pods-SparkXAdDemoTests.debug.xcconfig */,
				8D9435EFB4106DF9E393FBD9 /* Pods-SparkXAdDemoTests.release.xcconfig */,
			);
			path = Pods;
			sourceTree = "<group>";
		};
/* End PBXGroup section */

/* Begin PBXNativeTarget section */
		217D1EA525C91B5A00CB4EF3 /* SparkXAdDemo */ = {
			isa = PBXNativeTarget;
			buildConfigurationList = 217D1ED525C91B5B00CB4EF3 /* Build configuration list for PBXNativeTarget "SparkXAdDemo" */;
			buildPhases = (
				AABEA5292B19D2E5F401BC76 /* [CP] Check Pods Manifest.lock */,
				217D1EA225C91B5A00CB4EF3 /* Sources */,
				217D1EA325C91B5A00CB4EF3 /* Frameworks */,
				217D1EA425C91B5A00CB4EF3 /* Resources */,
				0CFF42BB5A59E0CDF525C6D5 /* [CP] Copy Pods Resources */,
			);
			buildRules = (
			);
			dependencies = (
			);
			name = SparkXAdDemo;
			productName = SparkXAdDemo;
			productReference = 217D1EA625C91B5A00CB4EF3 /* SparkXAdDemo.app */;
			productType = "com.apple.product-type.application";
		};
		217D1EC025C91B5B00CB4EF3 /* SparkXAdDemoTests */ = {
			isa = PBXNativeTarget;
			buildConfigurationList = 217D1ED825C91B5B00CB4EF3 /* Build configuration list for PBXNativeTarget "SparkXAdDemoTests" */;
			buildPhases = (
				6AC7ABC3D0BE1E1B11F364B6 /* [CP] Check Pods Manifest.lock */,
				217D1EBD25C91B5B00CB4EF3 /* Sources */,
				217D1EBE25C91B5B00CB4EF3 /* Frameworks */,
				217D1EBF25C91B5B00CB4EF3 /* Resources */,
			);
			buildRules = (
			);
			dependencies = (
				217D1EC325C91B5B00CB4EF3 /* PBXTargetDependency */,
			);
			name = SparkXAdDemoTests;
			productName = SparkXAdDemoTests;
			productReference = 217D1EC125C91B5B00CB4EF3 /* SparkXAdDemoTests.xctest */;
			productType = "com.apple.product-type.bundle.unit-test";
		};
		217D1ECB25C91B5B00CB4EF3 /* SparkXAdDemoUITests */ = {
			isa = PBXNativeTarget;
			buildConfigurationList = 217D1EDB25C91B5B00CB4EF3 /* Build configuration list for PBXNativeTarget "SparkXAdDemoUITests" */;
			buildPhases = (
				FCCB692D2514AC9B0000F13E /* [CP] Check Pods Manifest.lock */,
				217D1EC825C91B5B00CB4EF3 /* Sources */,
				217D1EC925C91B5B00CB4EF3 /* Frameworks */,
				217D1ECA25C91B5B00CB4EF3 /* Resources */,
				D8962ED3A533B424EBC1941B /* [CP] Copy Pods Resources */,
			);
			buildRules = (
			);
			dependencies = (
				217D1ECE25C91B5B00CB4EF3 /* PBXTargetDependency */,
			);
			name = SparkXAdDemoUITests;
			productName = SparkXAdDemoUITests;
			productReference = 217D1ECC25C91B5B00CB4EF3 /* SparkXAdDemoUITests.xctest */;
			productType = "com.apple.product-type.bundle.ui-testing";
		};
/* End PBXNativeTarget section */

/* Begin PBXProject section */
		217D1E9E25C91B5A00CB4EF3 /* Project object */ = {
			isa = PBXProject;
			attributes = {
				LastUpgradeCheck = 1240;
				ORGANIZATIONNAME = SparkX;
				TargetAttributes = {
					217D1EA525C91B5A00CB4EF3 = {
						CreatedOnToolsVersion = 12.4;
					};
					217D1EC025C91B5B00CB4EF3 = {
						CreatedOnToolsVersion = 12.4;
						TestTargetID = 217D1EA525C91B5A00CB4EF3;
					};
					217D1ECB25C91B5B00CB4EF3 = {
						CreatedOnToolsVersion = 12.4;
						TestTargetID = 217D1EA525C91B5A00CB4EF3;
					};
				};
			};
			buildConfigurationList = 217D1EA125C91B5A00CB4EF3 /* Build configuration list for PBXProject "SparkXAdDemo" */;
			compatibilityVersion = "Xcode 9.3";
			developmentRegion = en;
			hasScannedForEncodings = 0;
			knownRegions = (
				en,
				Base,
			);
			mainGroup = 217D1E9D25C91B5A00CB4EF3;
			productRefGroup = 217D1EA725C91B5A00CB4EF3 /* Products */;
			projectDirPath = "";
			projectRoot = "";
			targets = (
				217D1EA525C91B5A00CB4EF3 /* SparkXAdDemo */,
				217D1EC025C91B5B00CB4EF3 /* SparkXAdDemoTests */,
				217D1ECB25C91B5B00CB4EF3 /* SparkXAdDemoUITests */,
			);
		};
/* End PBXProject section */

/* Begin PBXResourcesBuildPhase section */
		217D1EA425C91B5A00CB4EF3 /* Resources */ = {
			isa = PBXResourcesBuildPhase;
			buildActionMask = 2147483647;
			files = (
				217D1EB925C91B5B00CB4EF3 /* LaunchScreen.storyboard in Resources */,
				217D1EB625C91B5B00CB4EF3 /* Assets.xcassets in Resources */,
				217D1EB425C91B5A00CB4EF3 /* Main.storyboard in Resources */,
			);
			runOnlyForDeploymentPostprocessing = 0;
		};
		217D1EBF25C91B5B00CB4EF3 /* Resources */ = {
			isa = PBXResourcesBuildPhase;
			buildActionMask = 2147483647;
			files = (
			);
			runOnlyForDeploymentPostprocessing = 0;
		};
		217D1ECA25C91B5B00CB4EF3 /* Resources */ = {
			isa = PBXResourcesBuildPhase;
			buildActionMask = 2147483647;
			files = (
			);
			runOnlyForDeploymentPostprocessing = 0;
		};
/* End PBXResourcesBuildPhase section */

/* Begin PBXShellScriptBuildPhase section */
		0CFF42BB5A59E0CDF525C6D5 /* [CP] Copy Pods Resources */ = {
			isa = PBXShellScriptBuildPhase;
			buildActionMask = 2147483647;
			files = (
			);
			inputFileListPaths = (
				"${PODS_ROOT}/Target Support Files/Pods-SparkXAdDemo/Pods-SparkXAdDemo-resources-${CONFIGURATION}-input-files.xcfilelist",
			);
			name = "[CP] Copy Pods Resources";
			outputFileListPaths = (
				"${PODS_ROOT}/Target Support Files/Pods-SparkXAdDemo/Pods-SparkXAdDemo-resources-${CONFIGURATION}-output-files.xcfilelist",
			);
			runOnlyForDeploymentPostprocessing = 0;
			shellPath = /bin/sh;
			shellScript = "\"${PODS_ROOT}/Target Support Files/Pods-SparkXAdDemo/Pods-SparkXAdDemo-resources.sh\"\n";
			showEnvVarsInLog = 0;
		};
		6AC7ABC3D0BE1E1B11F364B6 /* [CP] Check Pods Manifest.lock */ = {
			isa = PBXShellScriptBuildPhase;
			buildActionMask = 2147483647;
			files = (
			);
			inputFileListPaths = (
			);
			inputPaths = (
				"${PODS_PODFILE_DIR_PATH}/Podfile.lock",
				"${PODS_ROOT}/Manifest.lock",
			);
			name = "[CP] Check Pods Manifest.lock";
			outputFileListPaths = (
			);
			outputPaths = (
				"$(DERIVED_FILE_DIR)/Pods-SparkXAdDemoTests-checkManifestLockResult.txt",
			);
			runOnlyForDeploymentPostprocessing = 0;
			shellPath = /bin/sh;
			shellScript = "diff \"${PODS_PODFILE_DIR_PATH}/Podfile.lock\" \"${PODS_ROOT}/Manifest.lock\" > /dev/null\nif [ $? != 0 ] ; then\n    # print error to STDERR\n    echo \"error: The sandbox is not in sync with the Podfile.lock. Run 'pod install' or update your CocoaPods installation.\" >&2\n    exit 1\nfi\n# This output is used by Xcode 'outputs' to avoid re-running this script phase.\necho \"SUCCESS\" > \"${SCRIPT_OUTPUT_FILE_0}\"\n";
			showEnvVarsInLog = 0;
		};
		AABEA5292B19D2E5F401BC76 /* [CP] Check Pods Manifest.lock */ = {
			isa = PBXShellScriptBuildPhase;
			buildActionMask = 2147483647;
			files = (
			);
			inputFileListPaths = (
			);
			inputPaths = (
				"${PODS_PODFILE_DIR_PATH}/Podfile.lock",
				"${PODS_ROOT}/Manifest.lock",
			);
			name = "[CP] Check Pods Manifest.lock";
			outputFileListPaths = (
			);
			outputPaths = (
				"$(DERIVED_FILE_DIR)/Pods-SparkXAdDemo-checkManifestLockResult.txt",
			);
			runOnlyForDeploymentPostprocessing = 0;
			shellPath = /bin/sh;
			shellScript = "diff \"${PODS_PODFILE_DIR_PATH}/Podfile.lock\" \"${PODS_ROOT}/Manifest.lock\" > /dev/null\nif [ $? != 0 ] ; then\n    # print error to STDERR\n    echo \"error: The sandbox is not in sync with the Podfile.lock. Run 'pod install' or update your CocoaPods installation.\" >&2\n    exit 1\nfi\n# This output is used by Xcode 'outputs' to avoid re-running this script phase.\necho \"SUCCESS\" > \"${SCRIPT_OUTPUT_FILE_0}\"\n";
			showEnvVarsInLog = 0;
		};
		D8962ED3A533B424EBC1941B /* [CP] Copy Pods Resources */ = {
			isa = PBXShellScriptBuildPhase;
			buildActionMask = 2147483647;
			files = (
			);
			inputFileListPaths = (
				"${PODS_ROOT}/Target Support Files/Pods-SparkXAdDemo-SparkXAdDemoUITests/Pods-SparkXAdDemo-SparkXAdDemoUITests-resources-${CONFIGURATION}-input-files.xcfilelist",
			);
			name = "[CP] Copy Pods Resources";
			outputFileListPaths = (
				"${PODS_ROOT}/Target Support Files/Pods-SparkXAdDemo-SparkXAdDemoUITests/Pods-SparkXAdDemo-SparkXAdDemoUITests-resources-${CONFIGURATION}-output-files.xcfilelist",
			);
			runOnlyForDeploymentPostprocessing = 0;
			shellPath = /bin/sh;
			shellScript = "\"${PODS_ROOT}/Target Support Files/Pods-SparkXAdDemo-SparkXAdDemoUITests/Pods-SparkXAdDemo-SparkXAdDemoUITests-resources.sh\"\n";
			showEnvVarsInLog = 0;
		};
		FCCB692D2514AC9B0000F13E /* [CP] Check Pods Manifest.lock */ = {
			isa = PBXShellScriptBuildPhase;
			buildActionMask = 2147483647;
			files = (
			);
			inputFileListPaths = (
			);
			inputPaths = (
				"${PODS_PODFILE_DIR_PATH}/Podfile.lock",
				"${PODS_ROOT}/Manifest.lock",
			);
			name = "[CP] Check Pods Manifest.lock";
			outputFileListPaths = (
			);
			outputPaths = (
				"$(DERIVED_FILE_DIR)/Pods-SparkXAdDemo-SparkXAdDemoUITests-checkManifestLockResult.txt",
			);
			runOnlyForDeploymentPostprocessing = 0;
			shellPath = /bin/sh;
			shellScript = "diff \"${PODS_PODFILE_DIR_PATH}/Podfile.lock\" \"${PODS_ROOT}/Manifest.lock\" > /dev/null\nif [ $? != 0 ] ; then\n    # print error to STDERR\n    echo \"error: The sandbox is not in sync with the Podfile.lock. Run 'pod install' or update your CocoaPods installation.\" >&2\n    exit 1\nfi\n# This output is used by Xcode 'outputs' to avoid re-running this script phase.\necho \"SUCCESS\" > \"${SCRIPT_OUTPUT_FILE_0}\"\n";
			showEnvVarsInLog = 0;
		};
/* End PBXShellScriptBuildPhase section */

/* Begin PBXSourcesBuildPhase section */
		217D1EA225C91B5A00CB4EF3 /* Sources */ = {
			isa = PBXSourcesBuildPhase;
			buildActionMask = 2147483647;
			files = (
				217D1F0625C928EA00CB4EF3 /* BannerAdViewController.m in Sources */,
				217D21AA25CBC9FC00CB4EF3 /* InterstitialAdViewController.m in Sources */,
				217D1EB125C91B5A00CB4EF3 /* ViewController.m in Sources */,
				217D1F0F25C9433F00CB4EF3 /* SplashAdViewController.m in Sources */,
				217D220925CBFFB700CB4EF3 /* NativeAdViewController.m in Sources */,
				217D1EFB25C9259A00CB4EF3 /* AdListViewController.m in Sources */,
				217D1EAB25C91B5A00CB4EF3 /* AppDelegate.m in Sources */,
				217D1EBC25C91B5B00CB4EF3 /* main.m in Sources */,
			);
			runOnlyForDeploymentPostprocessing = 0;
		};
		217D1EBD25C91B5B00CB4EF3 /* Sources */ = {
			isa = PBXSourcesBuildPhase;
			buildActionMask = 2147483647;
			files = (
				217D1EC625C91B5B00CB4EF3 /* SparkXAdDemoTests.m in Sources */,
			);
			runOnlyForDeploymentPostprocessing = 0;
		};
		217D1EC825C91B5B00CB4EF3 /* Sources */ = {
			isa = PBXSourcesBuildPhase;
			buildActionMask = 2147483647;
			files = (
				217D1ED125C91B5B00CB4EF3 /* SparkXAdDemoUITests.m in Sources */,
			);
			runOnlyForDeploymentPostprocessing = 0;
		};
/* End PBXSourcesBuildPhase section */

/* Begin PBXTargetDependency section */
		217D1EC325C91B5B00CB4EF3 /* PBXTargetDependency */ = {
			isa = PBXTargetDependency;
			target = 217D1EA525C91B5A00CB4EF3 /* SparkXAdDemo */;
			targetProxy = 217D1EC225C91B5B00CB4EF3 /* PBXContainerItemProxy */;
		};
		217D1ECE25C91B5B00CB4EF3 /* PBXTargetDependency */ = {
			isa = PBXTargetDependency;
			target = 217D1EA525C91B5A00CB4EF3 /* SparkXAdDemo */;
			targetProxy = 217D1ECD25C91B5B00CB4EF3 /* PBXContainerItemProxy */;
		};
/* End PBXTargetDependency section */

/* Begin PBXVariantGroup section */
		217D1EB225C91B5A00CB4EF3 /* Main.storyboard */ = {
			isa = PBXVariantGroup;
			children = (
				217D1EB325C91B5A00CB4EF3 /* Base */,
			);
			name = Main.storyboard;
			sourceTree = "<group>";
		};
		217D1EB725C91B5B00CB4EF3 /* LaunchScreen.storyboard */ = {
			isa = PBXVariantGroup;
			children = (
				217D1EB825C91B5B00CB4EF3 /* Base */,
			);
			name = LaunchScreen.storyboard;
			sourceTree = "<group>";
		};
/* End PBXVariantGroup section */

/* Begin XCBuildConfiguration section */
		217D1ED325C91B5B00CB4EF3 /* Debug */ = {
			isa = XCBuildConfiguration;
			buildSettings = {
				ALWAYS_SEARCH_USER_PATHS = NO;
				CLANG_ANALYZER_NONNULL = YES;
				CLANG_ANALYZER_NUMBER_OBJECT_CONVERSION = YES_AGGRESSIVE;
				CLANG_CXX_LANGUAGE_STANDARD = "gnu++14";
				CLANG_CXX_LIBRARY = "libc++";
				CLANG_ENABLE_MODULES = YES;
				CLANG_ENABLE_OBJC_ARC = YES;
				CLANG_ENABLE_OBJC_WEAK = YES;
				CLANG_WARN_BLOCK_CAPTURE_AUTORELEASING = YES;
				CLANG_WARN_BOOL_CONVERSION = YES;
				CLANG_WARN_COMMA = YES;
				CLANG_WARN_CONSTANT_CONVERSION = YES;
				CLANG_WARN_DEPRECATED_OBJC_IMPLEMENTATIONS = YES;
				CLANG_WARN_DIRECT_OBJC_ISA_USAGE = YES_ERROR;
				CLANG_WARN_DOCUMENTATION_COMMENTS = YES;
				CLANG_WARN_EMPTY_BODY = YES;
				CLANG_WARN_ENUM_CONVERSION = YES;
				CLANG_WARN_INFINITE_RECURSION = YES;
				CLANG_WARN_INT_CONVERSION = YES;
				CLANG_WARN_NON_LITERAL_NULL_CONVERSION = YES;
				CLANG_WARN_OBJC_IMPLICIT_RETAIN_SELF = YES;
				CLANG_WARN_OBJC_LITERAL_CONVERSION = YES;
				CLANG_WARN_OBJC_ROOT_CLASS = YES_ERROR;
				CLANG_WARN_QUOTED_INCLUDE_IN_FRAMEWORK_HEADER = YES;
				CLANG_WARN_RANGE_LOOP_ANALYSIS = YES;
				CLANG_WARN_STRICT_PROTOTYPES = YES;
				CLANG_WARN_SUSPICIOUS_MOVE = YES;
				CLANG_WARN_UNGUARDED_AVAILABILITY = YES_AGGRESSIVE;
				CLANG_WARN_UNREACHABLE_CODE = YES;
				CLANG_WARN__DUPLICATE_METHOD_MATCH = YES;
				COPY_PHASE_STRIP = NO;
				DEBUG_INFORMATION_FORMAT = dwarf;
				ENABLE_STRICT_OBJC_MSGSEND = YES;
				ENABLE_TESTABILITY = YES;
				GCC_C_LANGUAGE_STANDARD = gnu11;
				GCC_DYNAMIC_NO_PIC = NO;
				GCC_NO_COMMON_BLOCKS = YES;
				GCC_OPTIMIZATION_LEVEL = 0;
				GCC_PREPROCESSOR_DEFINITIONS = (
					"DEBUG=1",
					"$(inherited)",
				);
				GCC_WARN_64_TO_32_BIT_CONVERSION = YES;
				GCC_WARN_ABOUT_RETURN_TYPE = YES_ERROR;
				GCC_WARN_UNDECLARED_SELECTOR = YES;
				GCC_WARN_UNINITIALIZED_AUTOS = YES_AGGRESSIVE;
				GCC_WARN_UNUSED_FUNCTION = YES;
				GCC_WARN_UNUSED_VARIABLE = YES;
				IPHONEOS_DEPLOYMENT_TARGET = 9.0;
				MTL_ENABLE_DEBUG_INFO = INCLUDE_SOURCE;
				MTL_FAST_MATH = YES;
				ONLY_ACTIVE_ARCH = YES;
				SDKROOT = iphoneos;
			};
			name = Debug;
		};
		217D1ED425C91B5B00CB4EF3 /* Release */ = {
			isa = XCBuildConfiguration;
			buildSettings = {
				ALWAYS_SEARCH_USER_PATHS = NO;
				CLANG_ANALYZER_NONNULL = YES;
				CLANG_ANALYZER_NUMBER_OBJECT_CONVERSION = YES_AGGRESSIVE;
				CLANG_CXX_LANGUAGE_STANDARD = "gnu++14";
				CLANG_CXX_LIBRARY = "libc++";
				CLANG_ENABLE_MODULES = YES;
				CLANG_ENABLE_OBJC_ARC = YES;
				CLANG_ENABLE_OBJC_WEAK = YES;
				CLANG_WARN_BLOCK_CAPTURE_AUTORELEASING = YES;
				CLANG_WARN_BOOL_CONVERSION = YES;
				CLANG_WARN_COMMA = YES;
				CLANG_WARN_CONSTANT_CONVERSION = YES;
				CLANG_WARN_DEPRECATED_OBJC_IMPLEMENTATIONS = YES;
				CLANG_WARN_DIRECT_OBJC_ISA_USAGE = YES_ERROR;
				CLANG_WARN_DOCUMENTATION_COMMENTS = YES;
				CLANG_WARN_EMPTY_BODY = YES;
				CLANG_WARN_ENUM_CONVERSION = YES;
				CLANG_WARN_INFINITE_RECURSION = YES;
				CLANG_WARN_INT_CONVERSION = YES;
				CLANG_WARN_NON_LITERAL_NULL_CONVERSION = YES;
				CLANG_WARN_OBJC_IMPLICIT_RETAIN_SELF = YES;
				CLANG_WARN_OBJC_LITERAL_CONVERSION = YES;
				CLANG_WARN_OBJC_ROOT_CLASS = YES_ERROR;
				CLANG_WARN_QUOTED_INCLUDE_IN_FRAMEWORK_HEADER = YES;
				CLANG_WARN_RANGE_LOOP_ANALYSIS = YES;
				CLANG_WARN_STRICT_PROTOTYPES = YES;
				CLANG_WARN_SUSPICIOUS_MOVE = YES;
				CLANG_WARN_UNGUARDED_AVAILABILITY = YES_AGGRESSIVE;
				CLANG_WARN_UNREACHABLE_CODE = YES;
				CLANG_WARN__DUPLICATE_METHOD_MATCH = YES;
				COPY_PHASE_STRIP = NO;
				DEBUG_INFORMATION_FORMAT = "dwarf-with-dsym";
				ENABLE_NS_ASSERTIONS = NO;
				ENABLE_STRICT_OBJC_MSGSEND = YES;
				GCC_C_LANGUAGE_STANDARD = gnu11;
				GCC_NO_COMMON_BLOCKS = YES;
				GCC_WARN_64_TO_32_BIT_CONVERSION = YES;
				GCC_WARN_ABOUT_RETURN_TYPE = YES_ERROR;
				GCC_WARN_UNDECLARED_SELECTOR = YES;
				GCC_WARN_UNINITIALIZED_AUTOS = YES_AGGRESSIVE;
				GCC_WARN_UNUSED_FUNCTION = YES;
				GCC_WARN_UNUSED_VARIABLE = YES;
				IPHONEOS_DEPLOYMENT_TARGET = 9.0;
				MTL_ENABLE_DEBUG_INFO = NO;
				MTL_FAST_MATH = YES;
				SDKROOT = iphoneos;
				VALIDATE_PRODUCT = YES;
			};
			name = Release;
		};
		217D1ED625C91B5B00CB4EF3 /* Debug */ = {
			isa = XCBuildConfiguration;
			baseConfigurationReference = 0A53F184EBE13C15A40D4815 /* Pods-SparkXAdDemo.debug.xcconfig */;
			buildSettings = {
				ASSETCATALOG_COMPILER_APPICON_NAME = AppIcon;
				ASSETCATALOG_COMPILER_GLOBAL_ACCENT_COLOR_NAME = AccentColor;
				CODE_SIGN_STYLE = Automatic;
				DEVELOPMENT_TEAM = H9L4GX9YJ4;
				FRAMEWORK_SEARCH_PATHS = (
					"$(inherited)",
					"$(PROJECT_DIR)/SparkXAdDemo",
					"$(PROJECT_DIR)/SparkXAdDemo/SparkXAdSDK.embeddedframework",
				);
				INFOPLIST_FILE = SparkXAdDemo/Info.plist;
				IPHONEOS_DEPLOYMENT_TARGET = 9.0;
				LD_RUNPATH_SEARCH_PATHS = (
					"$(inherited)",
					"@executable_path/Frameworks",
				);
				PRODUCT_BUNDLE_IDENTIFIER = com.sparkx.SparkXAdDemo;
				PRODUCT_NAME = "$(TARGET_NAME)";
				TARGETED_DEVICE_FAMILY = 1;
			};
			name = Debug;
		};
		217D1ED725C91B5B00CB4EF3 /* Release */ = {
			isa = XCBuildConfiguration;
			baseConfigurationReference = 0B9884A0CB1F45A9B585DA27 /* Pods-SparkXAdDemo.release.xcconfig */;
			buildSettings = {
				ASSETCATALOG_COMPILER_APPICON_NAME = AppIcon;
				ASSETCATALOG_COMPILER_GLOBAL_ACCENT_COLOR_NAME = AccentColor;
				CODE_SIGN_STYLE = Automatic;
				DEVELOPMENT_TEAM = H9L4GX9YJ4;
				FRAMEWORK_SEARCH_PATHS = (
					"$(inherited)",
					"$(PROJECT_DIR)/SparkXAdDemo",
					"$(PROJECT_DIR)/SparkXAdDemo/SparkXAdSDK.embeddedframework",
				);
				INFOPLIST_FILE = SparkXAdDemo/Info.plist;
				IPHONEOS_DEPLOYMENT_TARGET = 9.0;
				LD_RUNPATH_SEARCH_PATHS = (
					"$(inherited)",
					"@executable_path/Frameworks",
				);
				PRODUCT_BUNDLE_IDENTIFIER = com.sparkx.SparkXAdDemo;
				PRODUCT_NAME = "$(TARGET_NAME)";
				TARGETED_DEVICE_FAMILY = 1;
			};
			name = Release;
		};
		217D1ED925C91B5B00CB4EF3 /* Debug */ = {
			isa = XCBuildConfiguration;
			baseConfigurationReference = 1643CB46A8BFB3FB720A83E7 /* Pods-SparkXAdDemoTests.debug.xcconfig */;
			buildSettings = {
				BUNDLE_LOADER = "$(TEST_HOST)";
				CODE_SIGN_STYLE = Automatic;
				INFOPLIST_FILE = SparkXAdDemoTests/Info.plist;
				IPHONEOS_DEPLOYMENT_TARGET = 14.4;
				LD_RUNPATH_SEARCH_PATHS = (
					"$(inherited)",
					"@executable_path/Frameworks",
					"@loader_path/Frameworks",
				);
				PRODUCT_BUNDLE_IDENTIFIER = com.sparkx.SparkXAdDemoTests;
				PRODUCT_NAME = "$(TARGET_NAME)";
				TARGETED_DEVICE_FAMILY = "1,2";
				TEST_HOST = "$(BUILT_PRODUCTS_DIR)/SparkXAdDemo.app/SparkXAdDemo";
			};
			name = Debug;
		};
		217D1EDA25C91B5B00CB4EF3 /* Release */ = {
			isa = XCBuildConfiguration;
			baseConfigurationReference = 8D9435EFB4106DF9E393FBD9 /* Pods-SparkXAdDemoTests.release.xcconfig */;
			buildSettings = {
				BUNDLE_LOADER = "$(TEST_HOST)";
				CODE_SIGN_STYLE = Automatic;
				INFOPLIST_FILE = SparkXAdDemoTests/Info.plist;
				IPHONEOS_DEPLOYMENT_TARGET = 14.4;
				LD_RUNPATH_SEARCH_PATHS = (
					"$(inherited)",
					"@executable_path/Frameworks",
					"@loader_path/Frameworks",
				);
				PRODUCT_BUNDLE_IDENTIFIER = com.sparkx.SparkXAdDemoTests;
				PRODUCT_NAME = "$(TARGET_NAME)";
				TARGETED_DEVICE_FAMILY = "1,2";
				TEST_HOST = "$(BUILT_PRODUCTS_DIR)/SparkXAdDemo.app/SparkXAdDemo";
			};
			name = Release;
		};
		217D1EDC25C91B5B00CB4EF3 /* Debug */ = {
			isa = XCBuildConfiguration;
			baseConfigurationReference = 30113D98F23D19FD823B1AB2 /* Pods-SparkXAdDemo-SparkXAdDemoUITests.debug.xcconfig */;
			buildSettings = {
				CODE_SIGN_STYLE = Automatic;
				INFOPLIST_FILE = SparkXAdDemoUITests/Info.plist;
				LD_RUNPATH_SEARCH_PATHS = (
					"$(inherited)",
					"@executable_path/Frameworks",
					"@loader_path/Frameworks",
				);
				PRODUCT_BUNDLE_IDENTIFIER = com.sparkx.SparkXAdDemoUITests;
				PRODUCT_NAME = "$(TARGET_NAME)";
				TARGETED_DEVICE_FAMILY = "1,2";
				TEST_TARGET_NAME = SparkXAdDemo;
			};
			name = Debug;
		};
		217D1EDD25C91B5B00CB4EF3 /* Release */ = {
			isa = XCBuildConfiguration;
			baseConfigurationReference = FACDB35799F2FD9ACB1ABECD /* Pods-SparkXAdDemo-SparkXAdDemoUITests.release.xcconfig */;
			buildSettings = {
				CODE_SIGN_STYLE = Automatic;
				INFOPLIST_FILE = SparkXAdDemoUITests/Info.plist;
				LD_RUNPATH_SEARCH_PATHS = (
					"$(inherited)",
					"@executable_path/Frameworks",
					"@loader_path/Frameworks",
				);
				PRODUCT_BUNDLE_IDENTIFIER = com.sparkx.SparkXAdDemoUITests;
				PRODUCT_NAME = "$(TARGET_NAME)";
				TARGETED_DEVICE_FAMILY = "1,2";
				TEST_TARGET_NAME = SparkXAdDemo;
			};
			name = Release;
		};
/* End XCBuildConfiguration section */

/* Begin XCConfigurationList section */
		217D1EA125C91B5A00CB4EF3 /* Build configuration list for PBXProject "SparkXAdDemo" */ = {
			isa = XCConfigurationList;
			buildConfigurations = (
				217D1ED325C91B5B00CB4EF3 /* Debug */,
				217D1ED425C91B5B00CB4EF3 /* Release */,
			);
			defaultConfigurationIsVisible = 0;
			defaultConfigurationName = Release;
		};
		217D1ED525C91B5B00CB4EF3 /* Build configuration list for PBXNativeTarget "SparkXAdDemo" */ = {
			isa = XCConfigurationList;
			buildConfigurations = (
				217D1ED625C91B5B00CB4EF3 /* Debug */,
				217D1ED725C91B5B00CB4EF3 /* Release */,
			);
			defaultConfigurationIsVisible = 0;
			defaultConfigurationName = Release;
		};
		217D1ED825C91B5B00CB4EF3 /* Build configuration list for PBXNativeTarget "SparkXAdDemoTests" */ = {
			isa = XCConfigurationList;
			buildConfigurations = (
				217D1ED925C91B5B00CB4EF3 /* Debug */,
				217D1EDA25C91B5B00CB4EF3 /* Release */,
			);
			defaultConfigurationIsVisible = 0;
			defaultConfigurationName = Release;
		};
		217D1EDB25C91B5B00CB4EF3 /* Build configuration list for PBXNativeTarget "SparkXAdDemoUITests" */ = {
			isa = XCConfigurationList;
			buildConfigurations = (
				217D1EDC25C91B5B00CB4EF3 /* Debug */,
				217D1EDD25C91B5B00CB4EF3 /* Release */,
			);
			defaultConfigurationIsVisible = 0;
			defaultConfigurationName = Release;
		};
/* End XCConfigurationList section */
	};
	rootObject = 217D1E9E25C91B5A00CB4EF3 /* Project object */;
}
